
Microsoft Visual Studio Solution File, Format Version 12.00
# Visual Studio Version 17
VisualStudioVersion = 17.5.33516.290
MinimumVisualStudioVersion = 10.0.40219.1
Project("{FAE04EC0-301F-11D3-BF4B-00C04F79EFBC}") = "MvcCrudTest", "MvcCrudTest\MvcCrudTest.csproj", "{B143EFAD-E43E-4BBF-8A2E-78BF2315A938}"
EndProject
Global
	GlobalSection(SolutionConfigurationPlatforms) = preSolution
		Debug|Any CPU = Debug|Any CPU
		Release|Any CPU = Release|Any CPU
	EndGlobalSection
	GlobalSection(ProjectConfigurationPlatforms) = postSolution
		{B143EFAD-E43E-4BBF-8A2E-78BF2315A938}.Debug|Any CPU.ActiveCfg = Debug|Any CPU
		{B143EFAD-E43E-4BBF-8A2E-78BF2315A938}.Debug|Any CPU.Build.0 = Debug|Any CPU
		{B143EFAD-E43E-4BBF-8A2E-78BF2315A938}.Release|Any CPU.ActiveCfg = Release|Any CPU
		{B143EFAD-E43E-4BBF-8A2E-78BF2315A938}.Release|Any CPU.Build.0 = Release|Any CPU
	EndGlobalSection
	GlobalSection(SolutionProperties) = preSolution
		HideSolutionNode = FALSE
	EndGlobalSection
	GlobalSection(ExtensibilityGlobals) = postSolution
		SolutionGuid = {BEF52E10-50EF-4082-82BE-6CDA575F7AEC}
	EndGlobalSection
EndGlobal
